lockfileVersion: '9.0'

settings:
  autoInstallPeers: true
  excludeLinksFromLockfile: false

importers:

  .:
    dependencies:
      clsx:
        specifier: ^2.1.1
        version: 2.1.1
      framer-motion:
        specifier: ^12.26.2
        version: 12.26.2(react@19.2.3)
      lucide-react:
        specifier: ^0.562.0
        version: 0.562.0(react@19.2.3)
      tailwind-merge:
        specifier: ^3.4.0
        version: 3.4.0

packages:

  clsx@2.1.1:
    resolution: {integrity: sha512-eYm0QWBtUrBWZWG0d386OGAw16Z995PiOVo2B7bjWSbHedGl5e0ZWaq65kOGgUSNesEIDkB9ISbTg/JK9dhCZA==}
    engines: {node: '>=6'}

  framer-motion@12.26.2:
    resolution: {integrity: sha512-lflOQEdjquUi9sCg5Y1LrsZDlsjrHw7m0T9Yedvnk7Bnhqfkc89/Uha10J3CFhkL+TCZVCRw9eUGyM/lyYhXQA==}
    peerDependencies:
      '@emotion/is-prop-valid': '*'
      react: ^18.0.0 || ^19.0.0
      react-dom: ^18.0.0 || ^19.0.0
    peerDependenciesMeta:
      '@emotion/is-prop-valid':
        optional: true
      react:
        optional: true
      react-dom:
        optional: true

  lucide-react@0.562.0:
    resolution: {integrity: sha512-82hOAu7y0dbVuFfmO4bYF1XEwYk/mEbM5E+b1jgci/udUBEE/R7LF5Ip0CCEmXe8AybRM8L+04eP+LGZeDvkiw==}
    peerDependencies:
      react: ^16.5.1 || ^17.0.0 || ^18.0.0 || ^19.0.0

  motion-dom@12.26.2:
    resolution: {integrity: sha512-KLMT1BroY8oKNeliA3JMNJ+nbCIsTKg6hJpDb4jtRAJ7nCKnnpg/LTq/NGqG90Limitz3kdAnAVXecdFVGlWTw==}

  motion-utils@12.24.10:
    resolution: {integrity: sha512-x5TFgkCIP4pPsRLpKoI86jv/q8t8FQOiM/0E8QKBzfMozWHfkKap2gA1hOki+B5g3IsBNpxbUnfOum1+dgvYww==}

  react@19.2.3:
    resolution: {integrity: sha512-Ku/hhYbVjOQnXDZFv2+RibmLFGwFdeeKHFcOTlrt7xplBnya5OGn/hIRDsqDiSUcfORsDC7MPxwork8jBwsIWA==}
    engines: {node: '>=0.10.0'}

  tailwind-merge@3.4.0:
    resolution: {integrity: sha512-uSaO4gnW+b3Y2aWoWfFpX62vn2sR3skfhbjsEnaBI81WD1wBLlHZe5sWf0AqjksNdYTbGBEd0UasQMT3SNV15g==}

  tslib@2.8.1:
    resolution: {integrity: sha512-oJFu94HQb+KVduSUQL7wnpmqnfmLsOA/nAh6b6EH0wCEoK0/mPeXU6c3wKDV83MkOuHPRHtSXKKU99IBazS/2w==}

snapshots:

  clsx@2.1.1: {}

  framer-motion@12.26.2(react@19.2.3):
    dependencies:
      motion-dom: 12.26.2
      motion-utils: 12.24.10
      tslib: 2.8.1
    optionalDependencies:
      react: 19.2.3

  lucide-react@0.562.0(react@19.2.3):
    dependencies:
      react: 19.2.3

  motion-dom@12.26.2:
    dependencies:
      motion-utils: 12.24.10

  motion-utils@12.24.10: {}

  react@19.2.3: {}

  tailwind-merge@3.4.0: {}

  tslib@2.8.1: {}
